
Microsoft Visual Studio Solution File, Format Version 12.00
# Visual Studio Version 17
VisualStudioVersion = 17.14.36811.4 d17.14
MinimumVisualStudioVersion = 10.0.40219.1
Project("{FAE04EC0-301F-11D3-BF4B-00C04F79EFBC}") = "QRcodeStorage", "QRcodeStorage.csproj", "{070493F9-2A77-4DFE-B914-3D375921511A}"
EndProject
Global
	GlobalSection(SolutionConfigurationPlatforms) = preSolution
		Debug|Any CPU = Debug|Any CPU
		Release|Any CPU = Release|Any CPU
	EndGlobalSection
	GlobalSection(ProjectConfigurationPlatforms) = postSolution
		{070493F9-2A77-4DFE-B914-3D375921511A}.Debug|Any CPU.ActiveCfg = Debug|Any CPU
		{070493F9-2A77-4DFE-B914-3D375921511A}.Debug|Any CPU.Build.0 = Debug|Any CPU
		{070493F9-2A77-4DFE-B914-3D375921511A}.Release|Any CPU.ActiveCfg = Release|Any CPU
		{070493F9-2A77-4DFE-B914-3D375921511A}.Release|Any CPU.Build.0 = Release|Any CPU
	EndGlobalSection
	GlobalSection(SolutionProperties) = preSolution
		HideSolutionNode = FALSE
	EndGlobalSection
	GlobalSection(ExtensibilityGlobals) = postSolution
		SolutionGuid = {FDFD1A00-21F7-4AEA-AD98-B09BABDBE702}
	EndGlobalSection
EndGlobal
